
Microsoft Visual Studio Solution File, Format Version 12.00
# Visual Studio Version 16
VisualStudioVersion = 16.0.31105.61
MinimumVisualStudioVersion = 10.0.40219.1
Project("{2150E333-8FDC-42A3-9474-1A3956D46DE8}") = "Modules", "Modules", "{438D8E69-2751-4C90-AE1C-2BC0B235F775}"
EndProject
Project("{9A19103F-16F7-4668-BE54-9A1E7A4F7556}") = "BookSoft.DAL", "BookSoft.DAL\BookSoft.DAL.csproj", "{B0689985-773A-40C2-A619-3D60995448F3}"
EndProject
Project("{9A19103F-16F7-4668-BE54-9A1E7A4F7556}") = "BookSoft.Domain", "BookSoft.Domain\BookSoft.Domain.csproj", "{5AAA512F-89A2-472F-8FD1-E4992EAE1C22}"
EndProject
Project("{9A19103F-16F7-4668-BE54-9A1E7A4F7556}") = "BookSoft.BLL", "BookSoft.BLL\BookSoft.BLL.csproj", "{56EF058B-1323-4981-A7E7-6600A8A0E479}"
EndProject
Project("{00D1A9C2-B5F0-4AF3-8072-F6C62B433612}") = "BookSoft.Database", "BookSoft.Database\BookSoft.Database.sqlproj", "{2D0AEF27-6AC7-43EF-91F2-E7A4B0BC1B17}"
EndProject
Project("{FAE04EC0-301F-11D3-BF4B-00C04F79EFBC}") = "EtnaReception.Desktop", "EtnaReception.Desktop\EtnaReception.Desktop.csproj", "{53272067-316D-4413-A165-319148169EDB}"
EndProject
Project("{FAE04EC0-301F-11D3-BF4B-00C04F79EFBC}") = "Menu", "Menu\Menu.csproj", "{426BB95F-9AC3-456A-AFAC-80E6FEC1A876}"
EndProject
Global
	GlobalSection(SolutionConfigurationPlatforms) = preSolution
		Debug|Any CPU = Debug|Any CPU
		Release|Any CPU = Release|Any CPU
	EndGlobalSection
	GlobalSection(ProjectConfigurationPlatforms) = postSolution
		{B0689985-773A-40C2-A619-3D60995448F3}.Debug|Any CPU.ActiveCfg = Debug|Any CPU
		{B0689985-773A-40C2-A619-3D60995448F3}.Debug|Any CPU.Build.0 = Debug|Any CPU
		{B0689985-773A-40C2-A619-3D60995448F3}.Release|Any CPU.ActiveCfg = Release|Any CPU
		{B0689985-773A-40C2-A619-3D60995448F3}.Release|Any CPU.Build.0 = Release|Any CPU
		{5AAA512F-89A2-472F-8FD1-E4992EAE1C22}.Debug|Any CPU.ActiveCfg = Debug|Any CPU
		{5AAA512F-89A2-472F-8FD1-E4992EAE1C22}.Debug|Any CPU.Build.0 = Debug|Any CPU
		{5AAA512F-89A2-472F-8FD1-E4992EAE1C22}.Release|Any CPU.ActiveCfg = Release|Any CPU
		{5AAA512F-89A2-472F-8FD1-E4992EAE1C22}.Release|Any CPU.Build.0 = Release|Any CPU
		{56EF058B-1323-4981-A7E7-6600A8A0E479}.Debug|Any CPU.ActiveCfg = Debug|Any CPU
		{56EF058B-1323-4981-A7E7-6600A8A0E479}.Debug|Any CPU.Build.0 = Debug|Any CPU
		{56EF058B-1323-4981-A7E7-6600A8A0E479}.Release|Any CPU.ActiveCfg = Release|Any CPU
		{56EF058B-1323-4981-A7E7-6600A8A0E479}.Release|Any CPU.Build.0 = Release|Any CPU
		{2D0AEF27-6AC7-43EF-91F2-E7A4B0BC1B17}.Debug|Any CPU.ActiveCfg = Debug|Any CPU
		{2D0AEF27-6AC7-43EF-91F2-E7A4B0BC1B17}.Debug|Any CPU.Build.0 = Debug|Any CPU
		{2D0AEF27-6AC7-43EF-91F2-E7A4B0BC1B17}.Debug|Any CPU.Deploy.0 = Debug|Any CPU
		{2D0AEF27-6AC7-43EF-91F2-E7A4B0BC1B17}.Release|Any CPU.ActiveCfg = Release|Any CPU
		{2D0AEF27-6AC7-43EF-91F2-E7A4B0BC1B17}.Release|Any CPU.Build.0 = Release|Any CPU
		{2D0AEF27-6AC7-43EF-91F2-E7A4B0BC1B17}.Release|Any CPU.Deploy.0 = Release|Any CPU
		{53272067-316D-4413-A165-319148169EDB}.Debug|Any CPU.ActiveCfg = Debug|Any CPU
		{53272067-316D-4413-A165-319148169EDB}.Debug|Any CPU.Build.0 = Debug|Any CPU
		{53272067-316D-4413-A165-319148169EDB}.Release|Any CPU.ActiveCfg = Release|Any CPU
		{53272067-316D-4413-A165-319148169EDB}.Release|Any CPU.Build.0 = Release|Any CPU
		{426BB95F-9AC3-456A-AFAC-80E6FEC1A876}.Debug|Any CPU.ActiveCfg = Debug|Any CPU
		{426BB95F-9AC3-456A-AFAC-80E6FEC1A876}.Debug|Any CPU.Build.0 = Debug|Any CPU
		{426BB95F-9AC3-456A-AFAC-80E6FEC1A876}.Release|Any CPU.ActiveCfg = Release|Any CPU
		{426BB95F-9AC3-456A-AFAC-80E6FEC1A876}.Release|Any CPU.Build.0 = Release|Any CPU
	EndGlobalSection
	GlobalSection(SolutionProperties) = preSolution
		HideSolutionNode = FALSE
	EndGlobalSection
	GlobalSection(NestedProjects) = preSolution
		{426BB95F-9AC3-456A-AFAC-80E6FEC1A876} = {438D8E69-2751-4C90-AE1C-2BC0B235F775}
	EndGlobalSection
	GlobalSection(ExtensibilityGlobals) = postSolution
		SolutionGuid = {0266C2C0-908D-4677-AD84-88055EC28CE8}
	EndGlobalSection
EndGlobal
